// !$*UTF8*$!
{
	archiveVersion = 1;
	classes = {
	};
	objectVersion = 46;
	objects = {

/* Begin PBXBuildFile section */
		9103F9E11B37123C00735BF7 /* ExerciseTableViewController.swift in Sources */ = {isa = PBXBuildFile; fileRef = 9103F9E01B37123C00735BF7 /* ExerciseTableViewController.swift */; };
		9103F9E31B3712BF00735BF7 /* ExerciseProfileTableViewCell.swift in Sources */ = {isa = PBXBuildFile; fileRef = 9103F9E21B3712BF00735BF7 /* ExerciseProfileTableViewCell.swift */; };
		9109067E1B3888D7002B31B6 /* ExerciseLibraryTableViewController.swift in Sources */ = {isa = PBXBuildFile; fileRef = 9109067D1B3888D7002B31B6 /* ExerciseLibraryTableViewController.swift */; };
		910ACB531B5A8C5800F5A1FB /* bjarte.jpg in Resources */ = {isa = PBXBuildFile; fileRef = 910ACB521B5A8C5800F5A1FB /* bjarte.jpg */; };
		910ACB551B5A8DCA00F5A1FB /* exercises.json in Resources */ = {isa = PBXBuildFile; fileRef = 910ACB541B5A8DCA00F5A1FB /* exercises.json */; };
		910ACB591B5AB3A800F5A1FB /* exercises.json in CopyFiles */ = {isa = PBXBuildFile; fileRef = 910ACB541B5A8DCA00F5A1FB /* exercises.json */; };
		910BC4361B3A9A230078FF8B /* ExerciseProfileTableViewController.swift in Sources */ = {isa = PBXBuildFile; fileRef = 910BC4351B3A9A230078FF8B /* ExerciseProfileTableViewController.swift */; };
		910BC43C1B3AA2D30078FF8B /* ExerciseEditTableViewCell.swift in Sources */ = {isa = PBXBuildFile; fileRef = 910BC43B1B3AA2D30078FF8B /* ExerciseEditTableViewCell.swift */; };
		910BC4401B3AAD000078FF8B /* EditExerciseSetTableViewCell.swift in Sources */ = {isa = PBXBuildFile; fileRef = 910BC43F1B3AAD000078FF8B /* EditExerciseSetTableViewCell.swift */; };
		910BC4421B3AAFC40078FF8B /* SetsTableViewController.swift in Sources */ = {isa = PBXBuildFile; fileRef = 910BC4411B3AAFC40078FF8B /* SetsTableViewController.swift */; };
		91121D121B36F1EB004BAC11 /* AppDelegate.swift in Sources */ = {isa = PBXBuildFile; fileRef = 91121D111B36F1EB004BAC11 /* AppDelegate.swift */; };
		91121D151B36F1EB004BAC11 /* MAX.xcdatamodeld in Sources */ = {isa = PBXBuildFile; fileRef = 91121D131B36F1EB004BAC11 /* MAX.xcdatamodeld */; };
		91121D1A1B36F1EB004BAC11 /* Main.storyboard in Resources */ = {isa = PBXBuildFile; fileRef = 91121D181B36F1EB004BAC11 /* Main.storyboard */; };
		91121D1C1B36F1EB004BAC11 /* Images.xcassets in Resources */ = {isa = PBXBuildFile; fileRef = 91121D1B1B36F1EB004BAC11 /* Images.xcassets */; };
		91121D1F1B36F1EB004BAC11 /* LaunchScreen.xib in Resources */ = {isa = PBXBuildFile; fileRef = 91121D1D1B36F1EB004BAC11 /* LaunchScreen.xib */; };
		91121D2B1B36F1EB004BAC11 /* MAXTests.swift in Sources */ = {isa = PBXBuildFile; fileRef = 91121D2A1B36F1EB004BAC11 /* MAXTests.swift */; };
		9114E8C51B3C39220034127B /* ExerciseRoutinesCollectionViewController.swift in Sources */ = {isa = PBXBuildFile; fileRef = 9114E8C41B3C39220034127B /* ExerciseRoutinesCollectionViewController.swift */; };
		9114E8C71B3C3AB60034127B /* ExerciseRoutineCollectionViewCell.swift in Sources */ = {isa = PBXBuildFile; fileRef = 9114E8C61B3C3AB60034127B /* ExerciseRoutineCollectionViewCell.swift */; };
		9116C3BD1B5BEE3C00D8F427 /* ExerciseDescriptionViewController.swift in Sources */ = {isa = PBXBuildFile; fileRef = 9116C3BC1B5BEE3C00D8F427 /* ExerciseDescriptionViewController.swift */; };
		911B82471B5D81BA009CAFF0 /* RepetitionSet.swift in Sources */ = {isa = PBXBuildFile; fileRef = 911B82461B5D81BA009CAFF0 /* RepetitionSet.swift */; };
		911B82491B5D81BA009CAFF0 /* RepetitionRoutineExercise.swift in Sources */ = {isa = PBXBuildFile; fileRef = 911B82481B5D81BA009CAFF0 /* RepetitionRoutineExercise.swift */; };
		911B824B1B5D81BA009CAFF0 /* TimeExercise.swift in Sources */ = {isa = PBXBuildFile; fileRef = 911B824A1B5D81BA009CAFF0 /* TimeExercise.swift */; };
		911B824D1B5D81BA009CAFF0 /* ExerciseVideo.swift in Sources */ = {isa = PBXBuildFile; fileRef = 911B824C1B5D81BA009CAFF0 /* ExerciseVideo.swift */; };
		911B824F1B5D81BA009CAFF0 /* PerformedExerciseRoutineData.swift in Sources */ = {isa = PBXBuildFile; fileRef = 911B824E1B5D81BA009CAFF0 /* PerformedExerciseRoutineData.swift */; };
		911B82511B5D81BA009CAFF0 /* RepetitionExercise.swift in Sources */ = {isa = PBXBuildFile; fileRef = 911B82501B5D81BA009CAFF0 /* RepetitionExercise.swift */; };
		911B82531B5D81BA009CAFF0 /* PerformedExerciseData.swift in Sources */ = {isa = PBXBuildFile; fileRef = 911B82521B5D81BA009CAFF0 /* PerformedExerciseData.swift */; };
		911B82551B5D81BA009CAFF0 /* TimeRoutineExercise.swift in Sources */ = {isa = PBXBuildFile; fileRef = 911B82541B5D81BA009CAFF0 /* TimeRoutineExercise.swift */; };
		911B82571B5D81BB009CAFF0 /* PerformedTimeSet.swift in Sources */ = {isa = PBXBuildFile; fileRef = 911B82561B5D81BB009CAFF0 /* PerformedTimeSet.swift */; };
		911B825D1B5D81BB009CAFF0 /* PerformedRepetitionSet.swift in Sources */ = {isa = PBXBuildFile; fileRef = 911B825C1B5D81BB009CAFF0 /* PerformedRepetitionSet.swift */; };
		911B825F1B5D81BB009CAFF0 /* PerformedSet.swift in Sources */ = {isa = PBXBuildFile; fileRef = 911B825E1B5D81BB009CAFF0 /* PerformedSet.swift */; };
		911B82611B5D81BB009CAFF0 /* TimeSet.swift in Sources */ = {isa = PBXBuildFile; fileRef = 911B82601B5D81BB009CAFF0 /* TimeSet.swift */; };
		911B82631B5D81BB009CAFF0 /* RoutineExercise.swift in Sources */ = {isa = PBXBuildFile; fileRef = 911B82621B5D81BB009CAFF0 /* RoutineExercise.swift */; };
		9126E8F81B452EB4006EA187 /* PerformExerciseRoutineViewController.swift in Sources */ = {isa = PBXBuildFile; fileRef = 9126E8F71B452EB4006EA187 /* PerformExerciseRoutineViewController.swift */; };
		9126E8FA1B453045006EA187 /* ExerciseTrainingView.swift in Sources */ = {isa = PBXBuildFile; fileRef = 9126E8F91B453045006EA187 /* ExerciseTrainingView.swift */; };
		9128F3EB1B4C059A00B2475B /* 1230_0.jpg in Resources */ = {isa = PBXBuildFile; fileRef = 9128F3EA1B4C059A00B2475B /* 1230_0.jpg */; };
		9128F3ED1B4C0A3A00B2475B /* squats.png in Resources */ = {isa = PBXBuildFile; fileRef = 9128F3EC1B4C0A3A00B2475B /* squats.png */; };
		9130C26B1B3C9A4500368E54 /* ExerciseRoutineCollectionSearchBarHeaderView.swift in Sources */ = {isa = PBXBuildFile; fileRef = 9130C26A1B3C9A4500368E54 /* ExerciseRoutineCollectionSearchBarHeaderView.swift */; };
		917403911B46AE7100A58E9C /* SetView.swift in Sources */ = {isa = PBXBuildFile; fileRef = 917403901B46AE7100A58E9C /* SetView.swift */; };
		91902B011B6008FC004CA0B0 /* Exercise.swift in Sources */ = {isa = PBXBuildFile; fileRef = 91902B001B6008FC004CA0B0 /* Exercise.swift */; };
		91902B031B6008FD004CA0B0 /* ExerciseRoutine.swift in Sources */ = {isa = PBXBuildFile; fileRef = 91902B021B6008FD004CA0B0 /* ExerciseRoutine.swift */; };
		919447F41B4C39CF00C752D6 /* prtscreen.png in Resources */ = {isa = PBXBuildFile; fileRef = 919447F31B4C39CF00C752D6 /* prtscreen.png */; };
		919447F61B4C62C300C752D6 /* ExerciseRoutineTrainingView.swift in Sources */ = {isa = PBXBuildFile; fileRef = 919447F51B4C62C300C752D6 /* ExerciseRoutineTrainingView.swift */; };
		919B4E141B38995300C82A54 /* ExerciseRoutineTableViewController.swift in Sources */ = {isa = PBXBuildFile; fileRef = 919B4E131B38995300C82A54 /* ExerciseRoutineTableViewController.swift */; };
		919B4E181B389D3A00C82A54 /* ExerciseTableViewCell.swift in Sources */ = {isa = PBXBuildFile; fileRef = 919B4E171B389D3A00C82A54 /* ExerciseTableViewCell.swift */; };
		919B4E1A1B38A0F600C82A54 /* ExerciseRoutineViewController.swift in Sources */ = {isa = PBXBuildFile; fileRef = 919B4E191B38A0F600C82A54 /* ExerciseRoutineViewController.swift */; };
		919B4E201B39A9DA00C82A54 /* ExerciseProfileViewController.swift in Sources */ = {isa = PBXBuildFile; fileRef = 919B4E1F1B39A9DA00C82A54 /* ExerciseProfileViewController.swift */; };
		91B639171B49B62200EEE48B /* SetsView.swift in Sources */ = {isa = PBXBuildFile; fileRef = 91B639161B49B62200EEE48B /* SetsView.swift */; };
		91BDBC391B3DD0570014AD41 /* CreateRoutineViewController.swift in Sources */ = {isa = PBXBuildFile; fileRef = 91BDBC381B3DD0570014AD41 /* CreateRoutineViewController.swift */; };
		91BDBC3B1B3DD73B0014AD41 /* ExerciseLibraryViewController.swift in Sources */ = {isa = PBXBuildFile; fileRef = 91BDBC3A1B3DD73B0014AD41 /* ExerciseLibraryViewController.swift */; };
		91BDBC3D1B3DEACF0014AD41 /* CreateExerciseForLibraryViewController.swift in Sources */ = {isa = PBXBuildFile; fileRef = 91BDBC3C1B3DEACF0014AD41 /* CreateExerciseForLibraryViewController.swift */; };
		91F4BB171B613A8F0061C546 /* CoreDataTableViewController.swift in Sources */ = {isa = PBXBuildFile; fileRef = 91F4BB161B613A8F0061C546 /* CoreDataTableViewController.swift */; };
/* End PBXBuildFile section */

/* Begin PBXContainerItemProxy section */
		91121D251B36F1EB004BAC11 /* PBXContainerItemProxy */ = {
			isa = PBXContainerItemProxy;
			containerPortal = 91121D041B36F1EB004BAC11 /* Project object */;
			proxyType = 1;
			remoteGlobalIDString = 91121D0B1B36F1EB004BAC11;
			remoteInfo = MAX;
		};
/* End PBXContainerItemProxy section */

/* Begin PBXCopyFilesBuildPhase section */
		910ACB571B5A923700F5A1FB /* CopyFiles */ = {
			isa = PBXCopyFilesBuildPhase;
			buildActionMask = 12;
			dstPath = "";
			dstSubfolderSpec = 16;
			files = (
				910ACB591B5AB3A800F5A1FB /* exercises.json in CopyFiles */,
			);
			runOnlyForDeploymentPostprocessing = 0;
		};
/* End PBXCopyFilesBuildPhase section */

/* Begin PBXFileReference section */
		9103F9E01B37123C00735BF7 /* ExerciseTableViewController.swift */ = {isa = PBXFileReference; fileEncoding = 4; lastKnownFileType = sourcecode.swift; path = ExerciseTableViewController.swift; sourceTree = "<group>"; };
		9103F9E21B3712BF00735BF7 /* ExerciseProfileTableViewCell.swift */ = {isa = PBXFileReference; fileEncoding = 4; lastKnownFileType = sourcecode.swift; path = ExerciseProfileTableViewCell.swift; sourceTree = "<group>"; };
		9109067D1B3888D7002B31B6 /* ExerciseLibraryTableViewController.swift */ = {isa = PBXFileReference; fileEncoding = 4; lastKnownFileType = sourcecode.swift; path = ExerciseLibraryTableViewController.swift; sourceTree = "<group>"; };
		910ACB521B5A8C5800F5A1FB /* bjarte.jpg */ = {isa = PBXFileReference; lastKnownFileType = image.jpeg; path = bjarte.jpg; sourceTree = "<group>"; };
		910ACB541B5A8DCA00F5A1FB /* exercises.json */ = {isa = PBXFileReference; fileEncoding = 4; lastKnownFileType = text.json; path = exercises.json; sourceTree = "<group>"; };
		910BC4351B3A9A230078FF8B /* ExerciseProfileTableViewController.swift */ = {isa = PBXFileReference; fileEncoding = 4; lastKnownFileType = sourcecode.swift; path = ExerciseProfileTableViewController.swift; sourceTree = "<group>"; };
		910BC43B1B3AA2D30078FF8B /* ExerciseEditTableViewCell.swift */ = {isa = PBXFileReference; fileEncoding = 4; lastKnownFileType = sourcecode.swift; path = ExerciseEditTableViewCell.swift; sourceTree = "<group>"; };
		910BC43F1B3AAD000078FF8B /* EditExerciseSetTableViewCell.swift */ = {isa = PBXFileReference; fileEncoding = 4; lastKnownFileType = sourcecode.swift; path = EditExerciseSetTableViewCell.swift; sourceTree = "<group>"; };
		910BC4411B3AAFC40078FF8B /* SetsTableViewController.swift */ = {isa = PBXFileReference; fileEncoding = 4; lastKnownFileType = sourcecode.swift; path = SetsTableViewController.swift; sourceTree = "<group>"; };
		91121D0C1B36F1EB004BAC11 /* MAX.app */ = {isa = PBXFileReference; explicitFileType = wrapper.application; includeInIndex = 0; path = MAX.app; sourceTree = BUILT_PRODUCTS_DIR; };
		91121D101B36F1EB004BAC11 /* Info.plist */ = {isa = PBXFileReference; lastKnownFileType = text.plist.xml; path = Info.plist; sourceTree = "<group>"; };
		91121D111B36F1EB004BAC11 /* AppDelegate.swift */ = {isa = PBXFileReference; lastKnownFileType = sourcecode.swift; path = AppDelegate.swift; sourceTree = "<group>"; };
		91121D141B36F1EB004BAC11 /* MAX.xcdatamodel */ = {isa = PBXFileReference; lastKnownFileType = wrapper.xcdatamodel; path = MAX.xcdatamodel; sourceTree = "<group>"; };
		91121D191B36F1EB004BAC11 /* Base */ = {isa = PBXFileReference; lastKnownFileType = file.storyboard; name = Base; path = Base.lproj/Main.storyboard; sourceTree = "<group>"; };
		91121D1B1B36F1EB004BAC11 /* Images.xcassets */ = {isa = PBXFileReference; lastKnownFileType = folder.assetcatalog; path = Images.xcassets; sourceTree = "<group>"; };
		91121D1E1B36F1EB004BAC11 /* Base */ = {isa = PBXFileReference; lastKnownFileType = file.xib; name = Base; path = Base.lproj/LaunchScreen.xib; sourceTree = "<group>"; };
		91121D241B36F1EB004BAC11 /* MAXTests.xctest */ = {isa = PBXFileReference; explicitFileType = wrapper.cfbundle; includeInIndex = 0; path = MAXTests.xctest; sourceTree = BUILT_PRODUCTS_DIR; };
		91121D291B36F1EB004BAC11 /* Info.plist */ = {isa = PBXFileReference; lastKnownFileType = text.plist.xml; path = Info.plist; sourceTree = "<group>"; };
		91121D2A1B36F1EB004BAC11 /* MAXTests.swift */ = {isa = PBXFileReference; lastKnownFileType = sourcecode.swift; path = MAXTests.swift; sourceTree = "<group>"; };
		9114E8C41B3C39220034127B /* ExerciseRoutinesCollectionViewController.swift */ = {isa = PBXFileReference; fileEncoding = 4; lastKnownFileType = sourcecode.swift; path = ExerciseRoutinesCollectionViewController.swift; sourceTree = "<group>"; };
		9114E8C61B3C3AB60034127B /* ExerciseRoutineCollectionViewCell.swift */ = {isa = PBXFileReference; fileEncoding = 4; lastKnownFileType = sourcecode.swift; path = ExerciseRoutineCollectionViewCell.swift; sourceTree = "<group>"; };
		9116C3BC1B5BEE3C00D8F427 /* ExerciseDescriptionViewController.swift */ = {isa = PBXFileReference; fileEncoding = 4; lastKnownFileType = sourcecode.swift; path = ExerciseDescriptionViewController.swift; sourceTree = "<group>"; };
		911B82461B5D81BA009CAFF0 /* RepetitionSet.swift */ = {isa = PBXFileReference; fileEncoding = 4; lastKnownFileType = sourcecode.swift; name = RepetitionSet.swift; path = ../RepetitionSet.swift; sourceTree = "<group>"; };
		911B82481B5D81BA009CAFF0 /* RepetitionRoutineExercise.swift */ = {isa = PBXFileReference; fileEncoding = 4; lastKnownFileType = sourcecode.swift; name = RepetitionRoutineExercise.swift; path = ../RepetitionRoutineExercise.swift; sourceTree = "<group>"; };
		911B824A1B5D81BA009CAFF0 /* TimeExercise.swift */ = {isa = PBXFileReference; fileEncoding = 4; lastKnownFileType = sourcecode.swift; name = TimeExercise.swift; path = ../TimeExercise.swift; sourceTree = "<group>"; };
		911B824C1B5D81BA009CAFF0 /* ExerciseVideo.swift */ = {isa = PBXFileReference; fileEncoding = 4; lastKnownFileType = sourcecode.swift; name = ExerciseVideo.swift; path = ../ExerciseVideo.swift; sourceTree = "<group>"; };
		911B824E1B5D81BA009CAFF0 /* PerformedExerciseRoutineData.swift */ = {isa = PBXFileReference; fileEncoding = 4; lastKnownFileType = sourcecode.swift; name = PerformedExerciseRoutineData.swift; path = ../PerformedExerciseRoutineData.swift; sourceTree = "<group>"; };
		911B82501B5D81BA009CAFF0 /* RepetitionExercise.swift */ = {isa = PBXFileReference; fileEncoding = 4; lastKnownFileType = sourcecode.swift; name = RepetitionExercise.swift; path = ../RepetitionExercise.swift; sourceTree = "<group>"; };
		911B82521B5D81BA009CAFF0 /* PerformedExerciseData.swift */ = {isa = PBXFileReference; fileEncoding = 4; lastKnownFileType = sourcecode.swift; name = PerformedExerciseData.swift; path = ../PerformedExerciseData.swift; sourceTree = "<group>"; };
		911B82541B5D81BA009CAFF0 /* TimeRoutineExercise.swift */ = {isa = PBXFileReference; fileEncoding = 4; lastKnownFileType = sourcecode.swift; name = TimeRoutineExercise.swift; path = ../TimeRoutineExercise.swift; sourceTree = "<group>"; };
		911B82561B5D81BB009CAFF0 /* PerformedTimeSet.swift */ = {isa = PBXFileReference; fileEncoding = 4; lastKnownFileType = sourcecode.swift; name = PerformedTimeSet.swift; path = ../PerformedTimeSet.swift; sourceTree = "<group>"; };
		911B825C1B5D81BB009CAFF0 /* PerformedRepetitionSet.swift */ = {isa = PBXFileReference; fileEncoding = 4; lastKnownFileType = sourcecode.swift; name = PerformedRepetitionSet.swift; path = ../PerformedRepetitionSet.swift; sourceTree = "<group>"; };
		911B825E1B5D81BB009CAFF0 /* PerformedSet.swift */ = {isa = PBXFileReference; fileEncoding = 4; lastKnownFileType = sourcecode.swift; name = PerformedSet.swift; path = ../PerformedSet.swift; sourceTree = "<group>"; };
		911B82601B5D81BB009CAFF0 /* TimeSet.swift */ = {isa = PBXFileReference; fileEncoding = 4; lastKnownFileType = sourcecode.swift; name = TimeSet.swift; path = ../TimeSet.swift; sourceTree = "<group>"; };
		911B82621B5D81BB009CAFF0 /* RoutineExercise.swift */ = {isa = PBXFileReference; fileEncoding = 4; lastKnownFileType = sourcecode.swift; name = RoutineExercise.swift; path = ../RoutineExercise.swift; sourceTree = "<group>"; };
		9126E8F71B452EB4006EA187 /* PerformExerciseRoutineViewController.swift */ = {isa = PBXFileReference; fileEncoding = 4; lastKnownFileType = sourcecode.swift; path = PerformExerciseRoutineViewController.swift; sourceTree = "<group>"; };
		9126E8F91B453045006EA187 /* ExerciseTrainingView.swift */ = {isa = PBXFileReference; fileEncoding = 4; lastKnownFileType = sourcecode.swift; path = ExerciseTrainingView.swift; sourceTree = "<group>"; };
		9128F3EA1B4C059A00B2475B /* 1230_0.jpg */ = {isa = PBXFileReference; lastKnownFileType = image.jpeg; name = 1230_0.jpg; path = ../1230_0.jpg; sourceTree = "<group>"; };
		9128F3EC1B4C0A3A00B2475B /* squats.png */ = {isa = PBXFileReference; lastKnownFileType = image.png; name = squats.png; path = ../squats.png; sourceTree = "<group>"; };
		9130C26A1B3C9A4500368E54 /* ExerciseRoutineCollectionSearchBarHeaderView.swift */ = {isa = PBXFileReference; fileEncoding = 4; lastKnownFileType = sourcecode.swift; path = ExerciseRoutineCollectionSearchBarHeaderView.swift; sourceTree = "<group>"; };
		917403901B46AE7100A58E9C /* SetView.swift */ = {isa = PBXFileReference; fileEncoding = 4; lastKnownFileType = sourcecode.swift; name = SetView.swift; path = ../SetView.swift; sourceTree = "<group>"; };
		91902B001B6008FC004CA0B0 /* Exercise.swift */ = {isa = PBXFileReference; fileEncoding = 4; lastKnownFileType = sourcecode.swift; name = Exercise.swift; path = ../Exercise.swift; sourceTree = "<group>"; };
		91902B021B6008FD004CA0B0 /* ExerciseRoutine.swift */ = {isa = PBXFileReference; fileEncoding = 4; lastKnownFileType = sourcecode.swift; name = ExerciseRoutine.swift; path = ../ExerciseRoutine.swift; sourceTree = "<group>"; };
		919447F31B4C39CF00C752D6 /* prtscreen.png */ = {isa = PBXFileReference; lastKnownFileType = image.png; path = prtscreen.png; sourceTree = "<group>"; };
		919447F51B4C62C300C752D6 /* ExerciseRoutineTrainingView.swift */ = {isa = PBXFileReference; fileEncoding = 4; lastKnownFileType = sourcecode.swift; path = ExerciseRoutineTrainingView.swift; sourceTree = "<group>"; };
		919B4E131B38995300C82A54 /* ExerciseRoutineTableViewController.swift */ = {isa = PBXFileReference; fileEncoding = 4; lastKnownFileType = sourcecode.swift; path = ExerciseRoutineTableViewController.swift; sourceTree = "<group>"; };
		919B4E171B389D3A00C82A54 /* ExerciseTableViewCell.swift */ = {isa = PBXFileReference; fileEncoding = 4; lastKnownFileType = sourcecode.swift; name = ExerciseTableViewCell.swift; path = ../ExerciseTableViewCell.swift; sourceTree = "<group>"; };
		919B4E191B38A0F600C82A54 /* ExerciseRoutineViewController.swift */ = {isa = PBXFileReference; fileEncoding = 4; lastKnownFileType = sourcecode.swift; path = ExerciseRoutineViewController.swift; sourceTree = "<group>"; };
		919B4E1F1B39A9DA00C82A54 /* ExerciseProfileViewController.swift */ = {isa = PBXFileReference; fileEncoding = 4; lastKnownFileType = sourcecode.swift; path = ExerciseProfileViewController.swift; sourceTree = "<group>"; };
		91B639161B49B62200EEE48B /* SetsView.swift */ = {isa = PBXFileReference; fileEncoding = 4; lastKnownFileType = sourcecode.swift; path = SetsView.swift; sourceTree = "<group>"; };
		91BDBC381B3DD0570014AD41 /* CreateRoutineViewController.swift */ = {isa = PBXFileReference; fileEncoding = 4; lastKnownFileType = sourcecode.swift; path = CreateRoutineViewController.swift; sourceTree = "<group>"; };
		91BDBC3A1B3DD73B0014AD41 /* ExerciseLibraryViewController.swift */ = {isa = PBXFileReference; fileEncoding = 4; lastKnownFileType = sourcecode.swift; path = ExerciseLibraryViewController.swift; sourceTree = "<group>"; };
		91BDBC3C1B3DEACF0014AD41 /* CreateExerciseForLibraryViewController.swift */ = {isa = PBXFileReference; fileEncoding = 4; lastKnownFileType = sourcecode.swift; path = CreateExerciseForLibraryViewController.swift; sourceTree = "<group>"; };
		91F4BB161B613A8F0061C546 /* CoreDataTableViewController.swift */ = {isa = PBXFileReference; fileEncoding = 4; lastKnownFileType = sourcecode.swift; path = CoreDataTableViewController.swift; sourceTree = "<group>"; };
/* End PBXFileReference section */

/* Begin PBXFrameworksBuildPhase section */
		91121D091B36F1EB004BAC11 /* Frameworks */ = {
			isa = PBXFrameworksBuildPhase;
			buildActionMask = 2147483647;
			files = (
			);
			runOnlyForDeploymentPostprocessing = 0;
		};
		91121D211B36F1EB004BAC11 /* Frameworks */ = {
			isa = PBXFrameworksBuildPhase;
			buildActionMask = 2147483647;
			files = (
			);
			runOnlyForDeploymentPostprocessing = 0;
		};
/* End PBXFrameworksBuildPhase section */

/* Begin PBXGroup section */
		910BC4371B3A9B470078FF8B /* ExerciseTableViewControllers */ = {
			isa = PBXGroup;
			children = (
				910BC4411B3AAFC40078FF8B /* SetsTableViewController.swift */,
				9103F9E01B37123C00735BF7 /* ExerciseTableViewController.swift */,
				919B4E131B38995300C82A54 /* ExerciseRoutineTableViewController.swift */,
				9109067D1B3888D7002B31B6 /* ExerciseLibraryTableViewController.swift */,
				910BC4351B3A9A230078FF8B /* ExerciseProfileTableViewController.swift */,
			);
			name = ExerciseTableViewControllers;
			sourceTree = "<group>";
		};
		910BC4381B3A9B8F0078FF8B /* Controllers */ = {
			isa = PBXGroup;
			children = (
				9116C3BC1B5BEE3C00D8F427 /* ExerciseDescriptionViewController.swift */,
				9126E8F71B452EB4006EA187 /* PerformExerciseRoutineViewController.swift */,
				91BDBC3C1B3DEACF0014AD41 /* CreateExerciseForLibraryViewController.swift */,
				91BDBC3A1B3DD73B0014AD41 /* ExerciseLibraryViewController.swift */,
				91BDBC381B3DD0570014AD41 /* CreateRoutineViewController.swift */,
				9114E8C41B3C39220034127B /* ExerciseRoutinesCollectionViewController.swift */,
				919B4E191B38A0F600C82A54 /* ExerciseRoutineViewController.swift */,
				919B4E1F1B39A9DA00C82A54 /* ExerciseProfileViewController.swift */,
				910BC4371B3A9B470078FF8B /* ExerciseTableViewControllers */,
			);
			name = Controllers;
			sourceTree = "<group>";
		};
		910BC4391B3A9BCA0078FF8B /* Model */ = {
			isa = PBXGroup;
			children = (
				91902B021B6008FD004CA0B0 /* ExerciseRoutine.swift */,
				91902B001B6008FC004CA0B0 /* Exercise.swift */,
				911B82621B5D81BB009CAFF0 /* RoutineExercise.swift */,
				911B82601B5D81BB009CAFF0 /* TimeSet.swift */,
				911B825E1B5D81BB009CAFF0 /* PerformedSet.swift */,
				911B825C1B5D81BB009CAFF0 /* PerformedRepetitionSet.swift */,
				911B82561B5D81BB009CAFF0 /* PerformedTimeSet.swift */,
				911B82541B5D81BA009CAFF0 /* TimeRoutineExercise.swift */,
				911B82521B5D81BA009CAFF0 /* PerformedExerciseData.swift */,
				911B82501B5D81BA009CAFF0 /* RepetitionExercise.swift */,
				911B824E1B5D81BA009CAFF0 /* PerformedExerciseRoutineData.swift */,
				911B824C1B5D81BA009CAFF0 /* ExerciseVideo.swift */,
				911B824A1B5D81BA009CAFF0 /* TimeExercise.swift */,
				911B82481B5D81BA009CAFF0 /* RepetitionRoutineExercise.swift */,
				911B82461B5D81BA009CAFF0 /* RepetitionSet.swift */,
				910ACB541B5A8DCA00F5A1FB /* exercises.json */,
				91121D131B36F1EB004BAC11 /* MAX.xcdatamodeld */,
			);
			name = Model;
			sourceTree = "<group>";
		};
		910BC43A1B3A9BF50078FF8B /* Views */ = {
			isa = PBXGroup;
			children = (
				917403901B46AE7100A58E9C /* SetView.swift */,
				91B639161B49B62200EEE48B /* SetsView.swift */,
				9126E8F91B453045006EA187 /* ExerciseTrainingView.swift */,
				919447F51B4C62C300C752D6 /* ExerciseRoutineTrainingView.swift */,
				9114E8C61B3C3AB60034127B /* ExerciseRoutineCollectionViewCell.swift */,
				9130C26A1B3C9A4500368E54 /* ExerciseRoutineCollectionSearchBarHeaderView.swift */,
				910BC4431B3AB0050078FF8B /* TableViewCells */,
				91121D181B36F1EB004BAC11 /* Main.storyboard */,
			);
			name = Views;
			sourceTree = "<group>";
		};
		910BC4431B3AB0050078FF8B /* TableViewCells */ = {
			isa = PBXGroup;
			children = (
				910BC43F1B3AAD000078FF8B /* EditExerciseSetTableViewCell.swift */,
				910BC43B1B3AA2D30078FF8B /* ExerciseEditTableViewCell.swift */,
				9103F9E21B3712BF00735BF7 /* ExerciseProfileTableViewCell.swift */,
				919B4E171B389D3A00C82A54 /* ExerciseTableViewCell.swift */,
			);
			name = TableViewCells;
			sourceTree = "<group>";
		};
		91121D031B36F1EB004BAC11 = {
			isa = PBXGroup;
			children = (
				91121D0E1B36F1EB004BAC11 /* MAX */,
				91121D271B36F1EB004BAC11 /* MAXTests */,
				91121D0D1B36F1EB004BAC11 /* Products */,
			);
			sourceTree = "<group>";
		};
		91121D0D1B36F1EB004BAC11 /* Products */ = {
			isa = PBXGroup;
			children = (
				91121D0C1B36F1EB004BAC11 /* MAX.app */,
				91121D241B36F1EB004BAC11 /* MAXTests.xctest */,
			);
			name = Products;
			sourceTree = "<group>";
		};
		91121D0E1B36F1EB004BAC11 /* MAX */ = {
			isa = PBXGroup;
			children = (
				91121D111B36F1EB004BAC11 /* AppDelegate.swift */,
				910BC43A1B3A9BF50078FF8B /* Views */,
				910BC4391B3A9BCA0078FF8B /* Model */,
				910BC4381B3A9B8F0078FF8B /* Controllers */,
				91121D0F1B36F1EB004BAC11 /* Supporting Files */,
			);
			path = MAX;
			sourceTree = "<group>";
		};
		91121D0F1B36F1EB004BAC11 /* Supporting Files */ = {
			isa = PBXGroup;
			children = (
				91F4BB161B613A8F0061C546 /* CoreDataTableViewController.swift */,
				910ACB521B5A8C5800F5A1FB /* bjarte.jpg */,
				9128F3EC1B4C0A3A00B2475B /* squats.png */,
				9128F3EA1B4C059A00B2475B /* 1230_0.jpg */,
				919447F31B4C39CF00C752D6 /* prtscreen.png */,
				91121D1B1B36F1EB004BAC11 /* Images.xcassets */,
				91121D1D1B36F1EB004BAC11 /* LaunchScreen.xib */,
				91121D101B36F1EB004BAC11 /* Info.plist */,
			);
			name = "Supporting Files";
			sourceTree = "<group>";
		};
		91121D271B36F1EB004BAC11 /* MAXTests */ = {
			isa = PBXGroup;
			children = (
				91121D2A1B36F1EB004BAC11 /* MAXTests.swift */,
				91121D281B36F1EB004BAC11 /* Supporting Files */,
			);
			path = MAXTests;
			sourceTree = "<group>";
		};
		91121D281B36F1EB004BAC11 /* Supporting Files */ = {
			isa = PBXGroup;
			children = (
				91121D291B36F1EB004BAC11 /* Info.plist */,
			);
			name = "Supporting Files";
			sourceTree = "<group>";
		};
/* End PBXGroup section */

/* Begin PBXNativeTarget section */
		91121D0B1B36F1EB004BAC11 /* MAX */ = {
			isa = PBXNativeTarget;
			buildConfigurationList = 91121D2E1B36F1EB004BAC11 /* Build configuration list for PBXNativeTarget "MAX" */;
			buildPhases = (
				91121D081B36F1EB004BAC11 /* Sources */,
				91121D091B36F1EB004BAC11 /* Frameworks */,
				91121D0A1B36F1EB004BAC11 /* Resources */,
				910ACB561B5A91A100F5A1FB /* ShellScript */,
				910ACB571B5A923700F5A1FB /* CopyFiles */,
			);
			buildRules = (
			);
			dependencies = (
			);
			name = MAX;
			productName = MAX;
			productReference = 91121D0C1B36F1EB004BAC11 /* MAX.app */;
			productType = "com.apple.product-type.application";
		};
		91121D231B36F1EB004BAC11 /* MAXTests */ = {
			isa = PBXNativeTarget;
			buildConfigurationList = 91121D311B36F1EB004BAC11 /* Build configuration list for PBXNativeTarget "MAXTests" */;
			buildPhases = (
				91121D201B36F1EB004BAC11 /* Sources */,
				91121D211B36F1EB004BAC11 /* Frameworks */,
				91121D221B36F1EB004BAC11 /* Resources */,
			);
			buildRules = (
			);
			dependencies = (
				91121D261B36F1EB004BAC11 /* PBXTargetDependency */,
			);
			name = MAXTests;
			productName = MAXTests;
			productReference = 91121D241B36F1EB004BAC11 /* MAXTests.xctest */;
			productType = "com.apple.product-type.bundle.unit-test";
		};
/* End PBXNativeTarget section */

/* Begin PBXProject section */
		91121D041B36F1EB004BAC11 /* Project object */ = {
			isa = PBXProject;
			attributes = {
				LastUpgradeCheck = 0630;
				ORGANIZATIONNAME = "Bjarte Sjursen";
				TargetAttributes = {
					91121D0B1B36F1EB004BAC11 = {
						CreatedOnToolsVersion = 6.3.1;
					};
					91121D231B36F1EB004BAC11 = {
						CreatedOnToolsVersion = 6.3.1;
						TestTargetID = 91121D0B1B36F1EB004BAC11;
					};
				};
			};
			buildConfigurationList = 91121D071B36F1EB004BAC11 /* Build configuration list for PBXProject "MAX" */;
			compatibilityVersion = "Xcode 3.2";
			developmentRegion = English;
			hasScannedForEncodings = 0;
			knownRegions = (
				en,
				Base,
			);
			mainGroup = 91121D031B36F1EB004BAC11;
			productRefGroup = 91121D0D1B36F1EB004BAC11 /* Products */;
			projectDirPath = "";
			projectRoot = "";
			targets = (
				91121D0B1B36F1EB004BAC11 /* MAX */,
				91121D231B36F1EB004BAC11 /* MAXTests */,
			);
		};
/* End PBXProject section */

/* Begin PBXResourcesBuildPhase section */
		91121D0A1B36F1EB004BAC11 /* Resources */ = {
			isa = PBXResourcesBuildPhase;
			buildActionMask = 2147483647;
			files = (
				9128F3EB1B4C059A00B2475B /* 1230_0.jpg in Resources */,
				910ACB551B5A8DCA00F5A1FB /* exercises.json in Resources */,
				919447F41B4C39CF00C752D6 /* prtscreen.png in Resources */,
				9128F3ED1B4C0A3A00B2475B /* squats.png in Resources */,
				91121D1A1B36F1EB004BAC11 /* Main.storyboard in Resources */,
				91121D1F1B36F1EB004BAC11 /* LaunchScreen.xib in Resources */,
				91121D1C1B36F1EB004BAC11 /* Images.xcassets in Resources */,
				910ACB531B5A8C5800F5A1FB /* bjarte.jpg in Resources */,
			);
			runOnlyForDeploymentPostprocessing = 0;
		};
		91121D221B36F1EB004BAC11 /* Resources */ = {
			isa = PBXResourcesBuildPhase;
			buildActionMask = 2147483647;
			files = (
			);
			runOnlyForDeploymentPostprocessing = 0;
		};
/* End PBXResourcesBuildPhase section */

/* Begin PBXShellScriptBuildPhase section */
		910ACB561B5A91A100F5A1FB /* ShellScript */ = {
			isa = PBXShellScriptBuildPhase;
			buildActionMask = 2147483647;
			files = (
			);
			inputPaths = (
			);
			outputPaths = (
			);
			runOnlyForDeploymentPostprocessing = 0;
			shellPath = /bin/sh;
			shellScript = "";
		};
/* End PBXShellScriptBuildPhase section */

/* Begin PBXSourcesBuildPhase section */
		91121D081B36F1EB004BAC11 /* Sources */ = {
			isa = PBXSourcesBuildPhase;
			buildActionMask = 2147483647;
			files = (
				919B4E141B38995300C82A54 /* ExerciseRoutineTableViewController.swift in Sources */,
				91B639171B49B62200EEE48B /* SetsView.swift in Sources */,
				91BDBC391B3DD0570014AD41 /* CreateRoutineViewController.swift in Sources */,
				9114E8C51B3C39220034127B /* ExerciseRoutinesCollectionViewController.swift in Sources */,
				917403911B46AE7100A58E9C /* SetView.swift in Sources */,
				9109067E1B3888D7002B31B6 /* ExerciseLibraryTableViewController.swift in Sources */,
				9116C3BD1B5BEE3C00D8F427 /* ExerciseDescriptionViewController.swift in Sources */,
				9103F9E31B3712BF00735BF7 /* ExerciseProfileTableViewCell.swift in Sources */,
				911B82511B5D81BA009CAFF0 /* RepetitionExercise.swift in Sources */,
				911B82491B5D81BA009CAFF0 /* RepetitionRoutineExercise.swift in Sources */,
				910BC43C1B3AA2D30078FF8B /* ExerciseEditTableViewCell.swift in Sources */,
				910BC4361B3A9A230078FF8B /* ExerciseProfileTableViewController.swift in Sources */,
				911B82531B5D81BA009CAFF0 /* PerformedExerciseData.swift in Sources */,
				911B82551B5D81BA009CAFF0 /* TimeRoutineExercise.swift in Sources */,
				911B824D1B5D81BA009CAFF0 /* ExerciseVideo.swift in Sources */,
				91F4BB171B613A8F0061C546 /* CoreDataTableViewController.swift in Sources */,
				9130C26B1B3C9A4500368E54 /* ExerciseRoutineCollectionSearchBarHeaderView.swift in Sources */,
				919B4E1A1B38A0F600C82A54 /* ExerciseRoutineViewController.swift in Sources */,
				91BDBC3D1B3DEACF0014AD41 /* CreateExerciseForLibraryViewController.swift in Sources */,
				911B82571B5D81BB009CAFF0 /* PerformedTimeSet.swift in Sources */,
				919447F61B4C62C300C752D6 /* ExerciseRoutineTrainingView.swift in Sources */,
				919B4E181B389D3A00C82A54 /* ExerciseTableViewCell.swift in Sources */,
				911B82471B5D81BA009CAFF0 /* RepetitionSet.swift in Sources */,
				91902B031B6008FD004CA0B0 /* ExerciseRoutine.swift in Sources */,
				9114E8C71B3C3AB60034127B /* ExerciseRoutineCollectionViewCell.swift in Sources */,
				9103F9E11B37123C00735BF7 /* ExerciseTableViewController.swift in Sources */,
				9126E8FA1B453045006EA187 /* ExerciseTrainingView.swift in Sources */,
				911B825D1B5D81BB009CAFF0 /* PerformedRepetitionSet.swift in Sources */,
				91121D151B36F1EB004BAC11 /* MAX.xcdatamodeld in Sources */,
				91121D121B36F1EB004BAC11 /* AppDelegate.swift in Sources */,
				911B82631B5D81BB009CAFF0 /* RoutineExercise.swift in Sources */,
				911B824F1B5D81BA009CAFF0 /* PerformedExerciseRoutineData.swift in Sources */,
				911B825F1B5D81BB009CAFF0 /* PerformedSet.swift in Sources */,
				91BDBC3B1B3DD73B0014AD41 /* ExerciseLibraryViewController.swift in Sources */,
				919B4E201B39A9DA00C82A54 /* ExerciseProfileViewController.swift in Sources */,
				911B824B1B5D81BA009CAFF0 /* TimeExercise.swift in Sources */,
				9126E8F81B452EB4006EA187 /* PerformExerciseRoutineViewController.swift in Sources */,
				91902B011B6008FC004CA0B0 /* Exercise.swift in Sources */,
				910BC4421B3AAFC40078FF8B /* SetsTableViewController.swift in Sources */,
				911B82611B5D81BB009CAFF0 /* TimeSet.swift in Sources */,
				910BC4401B3AAD000078FF8B /* EditExerciseSetTableViewCell.swift in Sources */,
			);
			runOnlyForDeploymentPostprocessing = 0;
		};
		91121D201B36F1EB004BAC11 /* Sources */ = {
			isa = PBXSourcesBuildPhase;
			buildActionMask = 2147483647;
			files = (
				91121D2B1B36F1EB004BAC11 /* MAXTests.swift in Sources */,
			);
			runOnlyForDeploymentPostprocessing = 0;
		};
/* End PBXSourcesBuildPhase section */

/* Begin PBXTargetDependency section */
		91121D261B36F1EB004BAC11 /* PBXTargetDependency */ = {
			isa = PBXTargetDependency;
			target = 91121D0B1B36F1EB004BAC11 /* MAX */;
			targetProxy = 91121D251B36F1EB004BAC11 /* PBXContainerItemProxy */;
		};
/* End PBXTargetDependency section */

/* Begin PBXVariantGroup section */
		91121D181B36F1EB004BAC11 /* Main.storyboard */ = {
			isa = PBXVariantGroup;
			children = (
				91121D191B36F1EB004BAC11 /* Base */,
			);
			name = Main.storyboard;
			sourceTree = "<group>";
		};
		91121D1D1B36F1EB004BAC11 /* LaunchScreen.xib */ = {
			isa = PBXVariantGroup;
			children = (
				91121D1E1B36F1EB004BAC11 /* Base */,
			);
			name = LaunchScreen.xib;
			sourceTree = "<group>";
		};
/* End PBXVariantGroup section */

/* Begin XCBuildConfiguration section */
		91121D2C1B36F1EB004BAC11 /* Debug */ = {
			isa = XCBuildConfiguration;
			buildSettings = {
				ALWAYS_SEARCH_USER_PATHS = NO;
				CLANG_CXX_LANGUAGE_STANDARD = "gnu++0x";
				CLANG_CXX_LIBRARY = "libc++";
				CLANG_ENABLE_MODULES = YES;
				CLANG_ENABLE_OBJC_ARC = YES;
				CLANG_WARN_BOOL_CONVERSION = YES;
				CLANG_WARN_CONSTANT_CONVERSION = YES;
				CLANG_WARN_DIRECT_OBJC_ISA_USAGE = YES_ERROR;
				CLANG_WARN_EMPTY_BODY = YES;
				CLANG_WARN_ENUM_CONVERSION = YES;
				CLANG_WARN_INT_CONVERSION = YES;
				CLANG_WARN_OBJC_ROOT_CLASS = YES_ERROR;
				CLANG_WARN_UNREACHABLE_CODE = YES;
				CLANG_WARN__DUPLICATE_METHOD_MATCH = YES;
				"CODE_SIGN_IDENTITY[sdk=iphoneos*]" = "iPhone Developer";
				COPY_PHASE_STRIP = NO;
				DEBUG_INFORMATION_FORMAT = "dwarf-with-dsym";
				ENABLE_STRICT_OBJC_MSGSEND = YES;
				GCC_C_LANGUAGE_STANDARD = gnu99;
				GCC_DYNAMIC_NO_PIC = NO;
				GCC_NO_COMMON_BLOCKS = YES;
				GCC_OPTIMIZATION_LEVEL = 0;
				GCC_PREPROCESSOR_DEFINITIONS = (
					"DEBUG=1",
					"$(inherited)",
				);
				GCC_SYMBOLS_PRIVATE_EXTERN = NO;
				GCC_WARN_64_TO_32_BIT_CONVERSION = YES;
				GCC_WARN_ABOUT_RETURN_TYPE = YES_ERROR;
				GCC_WARN_UNDECLARED_SELECTOR = YES;
				GCC_WARN_UNINITIALIZED_AUTOS = YES_AGGRESSIVE;
				GCC_WARN_UNUSED_FUNCTION = YES;
				GCC_WARN_UNUSED_VARIABLE = YES;
				IPHONEOS_DEPLOYMENT_TARGET = 8.3;
				MTL_ENABLE_DEBUG_INFO = YES;
				ONLY_ACTIVE_ARCH = YES;
				SDKROOT = iphoneos;
				SWIFT_OPTIMIZATION_LEVEL = "-Onone";
			};
			name = Debug;
		};
		91121D2D1B36F1EB004BAC11 /* Release */ = {
			isa = XCBuildConfiguration;
			buildSettings = {
				ALWAYS_SEARCH_USER_PATHS = NO;
				CLANG_CXX_LANGUAGE_STANDARD = "gnu++0x";
				CLANG_CXX_LIBRARY = "libc++";
				CLANG_ENABLE_MODULES = YES;
				CLANG_ENABLE_OBJC_ARC = YES;
				CLANG_WARN_BOOL_CONVERSION = YES;
				CLANG_WARN_CONSTANT_CONVERSION = YES;
				CLANG_WARN_DIRECT_OBJC_ISA_USAGE = YES_ERROR;
				CLANG_WARN_EMPTY_BODY = YES;
				CLANG_WARN_ENUM_CONVERSION = YES;
				CLANG_WARN_INT_CONVERSION = YES;
				CLANG_WARN_OBJC_ROOT_CLASS = YES_ERROR;
				CLANG_WARN_UNREACHABLE_CODE = YES;
				CLANG_WARN__DUPLICATE_METHOD_MATCH = YES;
				"CODE_SIGN_IDENTITY[sdk=iphoneos*]" = "iPhone Developer";
				COPY_PHASE_STRIP = NO;
				DEBUG_INFORMATION_FORMAT = "dwarf-with-dsym";
				ENABLE_NS_ASSERTIONS = NO;
				ENABLE_STRICT_OBJC_MSGSEND = YES;
				GCC_C_LANGUAGE_STANDARD = gnu99;
				GCC_NO_COMMON_BLOCKS = YES;
				GCC_WARN_64_TO_32_BIT_CONVERSION = YES;
				GCC_WARN_ABOUT_RETURN_TYPE = YES_ERROR;
				GCC_WARN_UNDECLARED_SELECTOR = YES;
				GCC_WARN_UNINITIALIZED_AUTOS = YES_AGGRESSIVE;
				GCC_WARN_UNUSED_FUNCTION = YES;
				GCC_WARN_UNUSED_VARIABLE = YES;
				IPHONEOS_DEPLOYMENT_TARGET = 8.3;
				MTL_ENABLE_DEBUG_INFO = NO;
				SDKROOT = iphoneos;
				VALIDATE_PRODUCT = YES;
			};
			name = Release;
		};
		91121D2F1B36F1EB004BAC11 /* Debug */ = {
			isa = XCBuildConfiguration;
			buildSettings = {
				ASSETCATALOG_COMPILER_APPICON_NAME = AppIcon;
				INFOPLIST_FILE = MAX/Info.plist;
				LD_RUNPATH_SEARCH_PATHS = "$(inherited) @executable_path/Frameworks";
				PRODUCT_NAME = "$(TARGET_NAME)";
			};
			name = Debug;
		};
		91121D301B36F1EB004BAC11 /* Release */ = {
			isa = XCBuildConfiguration;
			buildSettings = {
				ASSETCATALOG_COMPILER_APPICON_NAME = AppIcon;
				INFOPLIST_FILE = MAX/Info.plist;
				LD_RUNPATH_SEARCH_PATHS = "$(inherited) @executable_path/Frameworks";
				PRODUCT_NAME = "$(TARGET_NAME)";
			};
			name = Release;
		};
		91121D321B36F1EB004BAC11 /* Debug */ = {
			isa = XCBuildConfiguration;
			buildSettings = {
				BUNDLE_LOADER = "$(TEST_HOST)";
				FRAMEWORK_SEARCH_PATHS = (
					"$(SDKROOT)/Developer/Library/Frameworks",
					"$(inherited)",
				);
				GCC_PREPROCESSOR_DEFINITIONS = (
					"DEBUG=1",
					"$(inherited)",
				);
				INFOPLIST_FILE = MAXTests/Info.plist;
				LD_RUNPATH_SEARCH_PATHS = "$(inherited) @executable_path/Frameworks @loader_path/Frameworks";
				PRODUCT_NAME = "$(TARGET_NAME)";
				TEST_HOST = "$(BUILT_PRODUCTS_DIR)/MAX.app/MAX";
			};
			name = Debug;
		};
		91121D331B36F1EB004BAC11 /* Release */ = {
			isa = XCBuildConfiguration;
			buildSettings = {
				BUNDLE_LOADER = "$(TEST_HOST)";
				FRAMEWORK_SEARCH_PATHS = (
					"$(SDKROOT)/Developer/Library/Frameworks",
					"$(inherited)",
				);
				INFOPLIST_FILE = MAXTests/Info.plist;
				LD_RUNPATH_SEARCH_PATHS = "$(inherited) @executable_path/Frameworks @loader_path/Frameworks";
				PRODUCT_NAME = "$(TARGET_NAME)";
				TEST_HOST = "$(BUILT_PRODUCTS_DIR)/MAX.app/MAX";
			};
			name = Release;
		};
/* End XCBuildConfiguration section */

/* Begin XCConfigurationList section */
		91121D071B36F1EB004BAC11 /* Build configuration list for PBXProject "MAX" */ = {
			isa = XCConfigurationList;
			buildConfigurations = (
				91121D2C1B36F1EB004BAC11 /* Debug */,
				91121D2D1B36F1EB004BAC11 /* Release */,
			);
			defaultConfigurationIsVisible = 0;
			defaultConfigurationName = Release;
		};
		91121D2E1B36F1EB004BAC11 /* Build configuration list for PBXNativeTarget "MAX" */ = {
			isa = XCConfigurationList;
			buildConfigurations = (
				91121D2F1B36F1EB004BAC11 /* Debug */,
				91121D301B36F1EB004BAC11 /* Release */,
			);
			defaultConfigurationIsVisible = 0;
			defaultConfigurationName = Release;
		};
		91121D311B36F1EB004BAC11 /* Build configuration list for PBXNativeTarget "MAXTests" */ = {
			isa = XCConfigurationList;
			buildConfigurations = (
				91121D321B36F1EB004BAC11 /* Debug */,
				91121D331B36F1EB004BAC11 /* Release */,
			);
			defaultConfigurationIsVisible = 0;
			defaultConfigurationName = Release;
		};
/* End XCConfigurationList section */

/* Begin XCVersionGroup section */
		91121D131B36F1EB004BAC11 /* MAX.xcdatamodeld */ = {
			isa = XCVersionGroup;
			children = (
				91121D141B36F1EB004BAC11 /* MAX.xcdatamodel */,
			);
			currentVersion = 91121D141B36F1EB004BAC11 /* MAX.xcdatamodel */;
			path = MAX.xcdatamodeld;
			sourceTree = "<group>";
			versionGroupType = wrapper.xcdatamodel;
		};
/* End XCVersionGroup section */
	};
	rootObject = 91121D041B36F1EB004BAC11 /* Project object */;
}
